
Microsoft Visual Studio Solution File, Format Version 12.00
# Visual Studio Version 16
VisualStudioVersion = 16.0.31624.102
MinimumVisualStudioVersion = 10.0.40219.1
Project("{9A19103F-16F7-4668-BE54-9A1E7A4F7556}") = "Jira.Simple.Client", "Jira.Simple.Client.csproj", "{EEC12791-F08A-4F76-B54D-881FDAE752EB}"
EndProject
Global
	GlobalSection(SolutionConfigurationPlatforms) = preSolution
		Debug|Any CPU = Debug|Any CPU
		Release|Any CPU = Release|Any CPU
	EndGlobalSection
	GlobalSection(ProjectConfigurationPlatforms) = postSolution
		{EEC12791-F08A-4F76-B54D-881FDAE752EB}.Debug|Any CPU.ActiveCfg = Debug|Any CPU
		{EEC12791-F08A-4F76-B54D-881FDAE752EB}.Debug|Any CPU.Build.0 = Debug|Any CPU
		{EEC12791-F08A-4F76-B54D-881FDAE752EB}.Release|Any CPU.ActiveCfg = Release|Any CPU
		{EEC12791-F08A-4F76-B54D-881FDAE752EB}.Release|Any CPU.Build.0 = Release|Any CPU
	EndGlobalSection
	GlobalSection(SolutionProperties) = preSolution
		HideSolutionNode = FALSE
	EndGlobalSection
	GlobalSection(ExtensibilityGlobals) = postSolution
		SolutionGuid = {FFBD2AED-5746-4F99-9128-EB784FABCBDF}
	EndGlobalSection
EndGlobal
